
Microsoft Visual Studio Solution File, Format Version 12.00
# Visual Studio Version 16
VisualStudioVersion = 16.0.29609.76
MinimumVisualStudioVersion = 10.0.40219.1
Project("{FAE04EC0-301F-11D3-BF4B-00C04F79EFBC}") = "Exercicio01", "Exercicio01\Exercicio01.csproj", "{B6525172-53C4-4E2F-84B6-2F18A3A4D418}"
EndProject
Project("{FAE04EC0-301F-11D3-BF4B-00C04F79EFBC}") = "Exercicio02", "Exercicio02\Exercicio02.csproj", "{285162E5-7DE0-45A4-84A5-EFFCEF0408AF}"
EndProject
Global
	GlobalSection(SolutionConfigurationPlatforms) = preSolution
		Debug|Any CPU = Debug|Any CPU
		Release|Any CPU = Release|Any CPU
	EndGlobalSection
	GlobalSection(ProjectConfigurationPlatforms) = postSolution
		{B6525172-53C4-4E2F-84B6-2F18A3A4D418}.Debug|Any CPU.ActiveCfg = Debug|Any CPU
		{B6525172-53C4-4E2F-84B6-2F18A3A4D418}.Debug|Any CPU.Build.0 = Debug|Any CPU
		{B6525172-53C4-4E2F-84B6-2F18A3A4D418}.Release|Any CPU.ActiveCfg = Release|Any CPU
		{B6525172-53C4-4E2F-84B6-2F18A3A4D418}.Release|Any CPU.Build.0 = Release|Any CPU
		{285162E5-7DE0-45A4-84A5-EFFCEF0408AF}.Debug|Any CPU.ActiveCfg = Debug|Any CPU
		{285162E5-7DE0-45A4-84A5-EFFCEF0408AF}.Debug|Any CPU.Build.0 = Debug|Any CPU
		{285162E5-7DE0-45A4-84A5-EFFCEF0408AF}.Release|Any CPU.ActiveCfg = Release|Any CPU
		{285162E5-7DE0-45A4-84A5-EFFCEF0408AF}.Release|Any CPU.Build.0 = Release|Any CPU
	EndGlobalSection
	GlobalSection(SolutionProperties) = preSolution
		HideSolutionNode = FALSE
	EndGlobalSection
	GlobalSection(ExtensibilityGlobals) = postSolution
		SolutionGuid = {C94D8D72-27BC-4304-8CB2-2FEB1B8C7364}
	EndGlobalSection
EndGlobal
