
Microsoft Visual Studio Solution File, Format Version 12.00
# Visual Studio Version 16
VisualStudioVersion = 16.0.29806.167
MinimumVisualStudioVersion = 10.0.40219.1
Project("{FAE04EC0-301F-11D3-BF4B-00C04F79EFBC}") = "Exercicio01", "Exercicio01\Exercicio01.csproj", "{18E672BA-F949-4998-B8EF-5484B456E46C}"
EndProject
Project("{FAE04EC0-301F-11D3-BF4B-00C04F79EFBC}") = "Exercicio07", "Exercicio07\Exercicio07.csproj", "{335D37A6-BC6A-4A11-BD74-D0941D06A784}"
EndProject
Project("{FAE04EC0-301F-11D3-BF4B-00C04F79EFBC}") = "Exercicio13", "Exercicio13\Exercicio13.csproj", "{57373718-3DB8-4096-A268-5BA76671ADF3}"
EndProject
Project("{FAE04EC0-301F-11D3-BF4B-00C04F79EFBC}") = "Exercicio02", "Exercicio02\Exercicio02.csproj", "{340CBCFA-CA56-4CF1-AF67-16CE361B51BD}"
EndProject
Project("{FAE04EC0-301F-11D3-BF4B-00C04F79EFBC}") = "Exercicio03", "Exercicio03\Exercicio03.csproj", "{35C6CB10-326F-4989-BA2C-5188CA01FE55}"
EndProject
Project("{FAE04EC0-301F-11D3-BF4B-00C04F79EFBC}") = "Exercicio04", "Exercicio04\Exercicio04.csproj", "{AD4C9E4A-BA01-4FC7-8622-7C4F88680B91}"
EndProject
Project("{FAE04EC0-301F-11D3-BF4B-00C04F79EFBC}") = "Exercicio05", "Exercicio05\Exercicio05.csproj", "{EC5D2F84-B743-4CC9-81A9-C849B419520C}"
EndProject
Project("{FAE04EC0-301F-11D3-BF4B-00C04F79EFBC}") = "Exercicio06", "Exercicio06\Exercicio06.csproj", "{4D8F507C-2396-45A6-BEAB-990D676D1E6E}"
EndProject
Project("{FAE04EC0-301F-11D3-BF4B-00C04F79EFBC}") = "Exercicio08", "Exercicio08\Exercicio08.csproj", "{0C8D66F1-F462-47BF-AFF2-50CBAFED834D}"
EndProject
Project("{FAE04EC0-301F-11D3-BF4B-00C04F79EFBC}") = "Exercicio09", "Exercicio09\Exercicio09.csproj", "{55E38015-DF52-433B-AF78-4E806C4F760A}"
EndProject
Project("{FAE04EC0-301F-11D3-BF4B-00C04F79EFBC}") = "Exercicio10", "Exercicio10\Exercicio10.csproj", "{88753C4B-F219-4D3F-BD48-2D2C932355F0}"
EndProject
Project("{FAE04EC0-301F-11D3-BF4B-00C04F79EFBC}") = "Exercicio11", "Exercicio11\Exercicio11.csproj", "{5E3304C2-4A6C-40D9-B016-476122264471}"
EndProject
Project("{FAE04EC0-301F-11D3-BF4B-00C04F79EFBC}") = "Exercicio12", "Exercicio12\Exercicio12.csproj", "{F194AEE3-2F5E-41E2-9A5F-4CB64A09B130}"
EndProject
Global
	GlobalSection(SolutionConfigurationPlatforms) = preSolution
		Debug|Any CPU = Debug|Any CPU
		Release|Any CPU = Release|Any CPU
	EndGlobalSection
	GlobalSection(ProjectConfigurationPlatforms) = postSolution
		{18E672BA-F949-4998-B8EF-5484B456E46C}.Debug|Any CPU.ActiveCfg = Debug|Any CPU
		{18E672BA-F949-4998-B8EF-5484B456E46C}.Debug|Any CPU.Build.0 = Debug|Any CPU
		{18E672BA-F949-4998-B8EF-5484B456E46C}.Release|Any CPU.ActiveCfg = Release|Any CPU
		{18E672BA-F949-4998-B8EF-5484B456E46C}.Release|Any CPU.Build.0 = Release|Any CPU
		{335D37A6-BC6A-4A11-BD74-D0941D06A784}.Debug|Any CPU.ActiveCfg = Debug|Any CPU
		{335D37A6-BC6A-4A11-BD74-D0941D06A784}.Debug|Any CPU.Build.0 = Debug|Any CPU
		{335D37A6-BC6A-4A11-BD74-D0941D06A784}.Release|Any CPU.ActiveCfg = Release|Any CPU
		{335D37A6-BC6A-4A11-BD74-D0941D06A784}.Release|Any CPU.Build.0 = Release|Any CPU
		{57373718-3DB8-4096-A268-5BA76671ADF3}.Debug|Any CPU.ActiveCfg = Debug|Any CPU
		{57373718-3DB8-4096-A268-5BA76671ADF3}.Debug|Any CPU.Build.0 = Debug|Any CPU
		{57373718-3DB8-4096-A268-5BA76671ADF3}.Release|Any CPU.ActiveCfg = Release|Any CPU
		{57373718-3DB8-4096-A268-5BA76671ADF3}.Release|Any CPU.Build.0 = Release|Any CPU
		{340CBCFA-CA56-4CF1-AF67-16CE361B51BD}.Debug|Any CPU.ActiveCfg = Debug|Any CPU
		{340CBCFA-CA56-4CF1-AF67-16CE361B51BD}.Debug|Any CPU.Build.0 = Debug|Any CPU
		{340CBCFA-CA56-4CF1-AF67-16CE361B51BD}.Release|Any CPU.ActiveCfg = Release|Any CPU
		{340CBCFA-CA56-4CF1-AF67-16CE361B51BD}.Release|Any CPU.Build.0 = Release|Any CPU
		{35C6CB10-326F-4989-BA2C-5188CA01FE55}.Debug|Any CPU.ActiveCfg = Debug|Any CPU
		{35C6CB10-326F-4989-BA2C-5188CA01FE55}.Debug|Any CPU.Build.0 = Debug|Any CPU
		{35C6CB10-326F-4989-BA2C-5188CA01FE55}.Release|Any CPU.ActiveCfg = Release|Any CPU
		{35C6CB10-326F-4989-BA2C-5188CA01FE55}.Release|Any CPU.Build.0 = Release|Any CPU
		{AD4C9E4A-BA01-4FC7-8622-7C4F88680B91}.Debug|Any CPU.ActiveCfg = Debug|Any CPU
		{AD4C9E4A-BA01-4FC7-8622-7C4F88680B91}.Debug|Any CPU.Build.0 = Debug|Any CPU
		{AD4C9E4A-BA01-4FC7-8622-7C4F88680B91}.Release|Any CPU.ActiveCfg = Release|Any CPU
		{AD4C9E4A-BA01-4FC7-8622-7C4F88680B91}.Release|Any CPU.Build.0 = Release|Any CPU
		{EC5D2F84-B743-4CC9-81A9-C849B419520C}.Debug|Any CPU.ActiveCfg = Debug|Any CPU
		{EC5D2F84-B743-4CC9-81A9-C849B419520C}.Debug|Any CPU.Build.0 = Debug|Any CPU
		{EC5D2F84-B743-4CC9-81A9-C849B419520C}.Release|Any CPU.ActiveCfg = Release|Any CPU
		{EC5D2F84-B743-4CC9-81A9-C849B419520C}.Release|Any CPU.Build.0 = Release|Any CPU
		{4D8F507C-2396-45A6-BEAB-990D676D1E6E}.Debug|Any CPU.ActiveCfg = Debug|Any CPU
		{4D8F507C-2396-45A6-BEAB-990D676D1E6E}.Debug|Any CPU.Build.0 = Debug|Any CPU
		{4D8F507C-2396-45A6-BEAB-990D676D1E6E}.Release|Any CPU.ActiveCfg = Release|Any CPU
		{4D8F507C-2396-45A6-BEAB-990D676D1E6E}.Release|Any CPU.Build.0 = Release|Any CPU
		{0C8D66F1-F462-47BF-AFF2-50CBAFED834D}.Debug|Any CPU.ActiveCfg = Debug|Any CPU
		{0C8D66F1-F462-47BF-AFF2-50CBAFED834D}.Debug|Any CPU.Build.0 = Debug|Any CPU
		{0C8D66F1-F462-47BF-AFF2-50CBAFED834D}.Release|Any CPU.ActiveCfg = Release|Any CPU
		{0C8D66F1-F462-47BF-AFF2-50CBAFED834D}.Release|Any CPU.Build.0 = Release|Any CPU
		{55E38015-DF52-433B-AF78-4E806C4F760A}.Debug|Any CPU.ActiveCfg = Debug|Any CPU
		{55E38015-DF52-433B-AF78-4E806C4F760A}.Debug|Any CPU.Build.0 = Debug|Any CPU
		{55E38015-DF52-433B-AF78-4E806C4F760A}.Release|Any CPU.ActiveCfg = Release|Any CPU
		{55E38015-DF52-433B-AF78-4E806C4F760A}.Release|Any CPU.Build.0 = Release|Any CPU
		{88753C4B-F219-4D3F-BD48-2D2C932355F0}.Debug|Any CPU.ActiveCfg = Debug|Any CPU
		{88753C4B-F219-4D3F-BD48-2D2C932355F0}.Debug|Any CPU.Build.0 = Debug|Any CPU
		{88753C4B-F219-4D3F-BD48-2D2C932355F0}.Release|Any CPU.ActiveCfg = Release|Any CPU
		{88753C4B-F219-4D3F-BD48-2D2C932355F0}.Release|Any CPU.Build.0 = Release|Any CPU
		{5E3304C2-4A6C-40D9-B016-476122264471}.Debug|Any CPU.ActiveCfg = Debug|Any CPU
		{5E3304C2-4A6C-40D9-B016-476122264471}.Debug|Any CPU.Build.0 = Debug|Any CPU
		{5E3304C2-4A6C-40D9-B016-476122264471}.Release|Any CPU.ActiveCfg = Release|Any CPU
		{5E3304C2-4A6C-40D9-B016-476122264471}.Release|Any CPU.Build.0 = Release|Any CPU
		{F194AEE3-2F5E-41E2-9A5F-4CB64A09B130}.Debug|Any CPU.ActiveCfg = Debug|Any CPU
		{F194AEE3-2F5E-41E2-9A5F-4CB64A09B130}.Debug|Any CPU.Build.0 = Debug|Any CPU
		{F194AEE3-2F5E-41E2-9A5F-4CB64A09B130}.Release|Any CPU.ActiveCfg = Release|Any CPU
		{F194AEE3-2F5E-41E2-9A5F-4CB64A09B130}.Release|Any CPU.Build.0 = Release|Any CPU
	EndGlobalSection
	GlobalSection(SolutionProperties) = preSolution
		HideSolutionNode = FALSE
	EndGlobalSection
	GlobalSection(ExtensibilityGlobals) = postSolution
		SolutionGuid = {E51373A1-3C25-492C-9CDF-1DB1C69D761D}
	EndGlobalSection
EndGlobal
