
Microsoft Visual Studio Solution File, Format Version 12.00
# Visual Studio Version 16
VisualStudioVersion = 16.0.29609.76
MinimumVisualStudioVersion = 10.0.40219.1
Project("{FAE04EC0-301F-11D3-BF4B-00C04F79EFBC}") = "Exercicio02", "Exercicio02\Exercicio02.csproj", "{3BF0D741-66CB-41AA-861C-C5D8FBF14DDA}"
EndProject
Project("{FAE04EC0-301F-11D3-BF4B-00C04F79EFBC}") = "Exercicio08", "Exercicio08\Exercicio08.csproj", "{A2E4C8CC-FF07-432E-AF45-D03F0AD3E82B}"
EndProject
Global
	GlobalSection(SolutionConfigurationPlatforms) = preSolution
		Debug|Any CPU = Debug|Any CPU
		Release|Any CPU = Release|Any CPU
	EndGlobalSection
	GlobalSection(ProjectConfigurationPlatforms) = postSolution
		{3BF0D741-66CB-41AA-861C-C5D8FBF14DDA}.Debug|Any CPU.ActiveCfg = Debug|Any CPU
		{3BF0D741-66CB-41AA-861C-C5D8FBF14DDA}.Debug|Any CPU.Build.0 = Debug|Any CPU
		{3BF0D741-66CB-41AA-861C-C5D8FBF14DDA}.Release|Any CPU.ActiveCfg = Release|Any CPU
		{3BF0D741-66CB-41AA-861C-C5D8FBF14DDA}.Release|Any CPU.Build.0 = Release|Any CPU
		{A2E4C8CC-FF07-432E-AF45-D03F0AD3E82B}.Debug|Any CPU.ActiveCfg = Debug|Any CPU
		{A2E4C8CC-FF07-432E-AF45-D03F0AD3E82B}.Debug|Any CPU.Build.0 = Debug|Any CPU
		{A2E4C8CC-FF07-432E-AF45-D03F0AD3E82B}.Release|Any CPU.ActiveCfg = Release|Any CPU
		{A2E4C8CC-FF07-432E-AF45-D03F0AD3E82B}.Release|Any CPU.Build.0 = Release|Any CPU
	EndGlobalSection
	GlobalSection(SolutionProperties) = preSolution
		HideSolutionNode = FALSE
	EndGlobalSection
	GlobalSection(ExtensibilityGlobals) = postSolution
		SolutionGuid = {5B6D2768-B175-4CA6-B5C9-80B5BDAA1B6B}
	EndGlobalSection
EndGlobal
