
Microsoft Visual Studio Solution File, Format Version 12.00
# Visual Studio Version 16
VisualStudioVersion = 16.0.29806.167
MinimumVisualStudioVersion = 10.0.40219.1
Project("{FAE04EC0-301F-11D3-BF4B-00C04F79EFBC}") = "Exercicio01", "Exercicio01\Exercicio01.csproj", "{58446115-3CA0-48C4-A49B-9935B9A74F2B}"
EndProject
Project("{FAE04EC0-301F-11D3-BF4B-00C04F79EFBC}") = "Exercicio02", "Exercicio02\Exercicio02.csproj", "{C0AA8C51-050F-48B0-8ECB-942A1D0019A0}"
EndProject
Project("{FAE04EC0-301F-11D3-BF4B-00C04F79EFBC}") = "Exercicio03", "Exercicio03\Exercicio03.csproj", "{D66820FB-E8BF-4367-B84F-C916E0FC5369}"
EndProject
Project("{FAE04EC0-301F-11D3-BF4B-00C04F79EFBC}") = "Exercicio04", "Exercicio04\Exercicio04.csproj", "{BC347C9C-0917-4AE9-8D93-FB7B1FF9845F}"
EndProject
Project("{FAE04EC0-301F-11D3-BF4B-00C04F79EFBC}") = "Exercicio05", "Exercicio05\Exercicio05.csproj", "{A3FEB467-0A54-43B8-8A5E-0F2108B57A1F}"
EndProject
Project("{FAE04EC0-301F-11D3-BF4B-00C04F79EFBC}") = "Exercicio06", "Exercicio06\Exercicio06.csproj", "{8F21E0CB-A430-4301-A85D-04650F9B6C48}"
EndProject
Project("{FAE04EC0-301F-11D3-BF4B-00C04F79EFBC}") = "Exercicio07", "Exercicio07\Exercicio07.csproj", "{421D11A0-2FF2-44D3-A53B-6DA6346F4994}"
EndProject
Project("{FAE04EC0-301F-11D3-BF4B-00C04F79EFBC}") = "Exercicio08", "Exercicio08\Exercicio08.csproj", "{DAC8D9D9-F390-4ABF-95E1-DC33C7093CB8}"
EndProject
Project("{FAE04EC0-301F-11D3-BF4B-00C04F79EFBC}") = "Exercicio09", "Exercicio09\Exercicio09.csproj", "{DAA0216A-DFB3-482F-92C1-70F49D7BE739}"
EndProject
Project("{FAE04EC0-301F-11D3-BF4B-00C04F79EFBC}") = "Exercicio10", "Exercicio10\Exercicio10.csproj", "{8C0A9884-0959-4E6F-AF01-B0BC2F76587D}"
EndProject
Project("{FAE04EC0-301F-11D3-BF4B-00C04F79EFBC}") = "Exercicio11", "Exercicio11\Exercicio11.csproj", "{4E2EDD70-4F88-4009-B887-AD7D38EA512E}"
EndProject
Project("{FAE04EC0-301F-11D3-BF4B-00C04F79EFBC}") = "Exercicio12", "Exercicio12\Exercicio12.csproj", "{3377939B-9E09-492D-BE41-6E93680C0EDD}"
EndProject
Project("{FAE04EC0-301F-11D3-BF4B-00C04F79EFBC}") = "Exercicio13", "Exercicio13\Exercicio13.csproj", "{9B80BB2F-D26D-46E0-BC29-980ED7A6E8B9}"
EndProject
Project("{FAE04EC0-301F-11D3-BF4B-00C04F79EFBC}") = "Exercicio14", "Exercicio14\Exercicio14.csproj", "{6C67F49F-3017-440D-AD85-5534F2393A1E}"
EndProject
Project("{FAE04EC0-301F-11D3-BF4B-00C04F79EFBC}") = "Exercicio15", "Exercicio15\Exercicio15.csproj", "{91E6AFC7-FD97-4B2C-9B3F-C44DE7104814}"
EndProject
Project("{FAE04EC0-301F-11D3-BF4B-00C04F79EFBC}") = "Exercicio16", "Exercicio16\Exercicio16.csproj", "{27706A93-7067-4EB6-9E13-23AA0B694251}"
EndProject
Project("{FAE04EC0-301F-11D3-BF4B-00C04F79EFBC}") = "Exercicio17", "Exercicio17\Exercicio17.csproj", "{5D0DD62B-BCA3-409F-829C-318EE70F3A51}"
EndProject
Project("{FAE04EC0-301F-11D3-BF4B-00C04F79EFBC}") = "Exercicio18", "Exercicio18\Exercicio18.csproj", "{5F16754B-3960-457D-AB8D-1182B0218667}"
EndProject
Project("{FAE04EC0-301F-11D3-BF4B-00C04F79EFBC}") = "Exercicio19", "Exercicio19\Exercicio19.csproj", "{519F0842-B87D-42AF-A2EF-79F0123C6653}"
EndProject
Project("{FAE04EC0-301F-11D3-BF4B-00C04F79EFBC}") = "Exercicio20", "Exercicio20\Exercicio20.csproj", "{7BA27B9B-7494-4119-99E3-4AD52AC5593F}"
EndProject
Global
	GlobalSection(SolutionConfigurationPlatforms) = preSolution
		Debug|Any CPU = Debug|Any CPU
		Release|Any CPU = Release|Any CPU
	EndGlobalSection
	GlobalSection(ProjectConfigurationPlatforms) = postSolution
		{58446115-3CA0-48C4-A49B-9935B9A74F2B}.Debug|Any CPU.ActiveCfg = Debug|Any CPU
		{58446115-3CA0-48C4-A49B-9935B9A74F2B}.Debug|Any CPU.Build.0 = Debug|Any CPU
		{58446115-3CA0-48C4-A49B-9935B9A74F2B}.Release|Any CPU.ActiveCfg = Release|Any CPU
		{58446115-3CA0-48C4-A49B-9935B9A74F2B}.Release|Any CPU.Build.0 = Release|Any CPU
		{C0AA8C51-050F-48B0-8ECB-942A1D0019A0}.Debug|Any CPU.ActiveCfg = Debug|Any CPU
		{C0AA8C51-050F-48B0-8ECB-942A1D0019A0}.Debug|Any CPU.Build.0 = Debug|Any CPU
		{C0AA8C51-050F-48B0-8ECB-942A1D0019A0}.Release|Any CPU.ActiveCfg = Release|Any CPU
		{C0AA8C51-050F-48B0-8ECB-942A1D0019A0}.Release|Any CPU.Build.0 = Release|Any CPU
		{D66820FB-E8BF-4367-B84F-C916E0FC5369}.Debug|Any CPU.ActiveCfg = Debug|Any CPU
		{D66820FB-E8BF-4367-B84F-C916E0FC5369}.Debug|Any CPU.Build.0 = Debug|Any CPU
		{D66820FB-E8BF-4367-B84F-C916E0FC5369}.Release|Any CPU.ActiveCfg = Release|Any CPU
		{D66820FB-E8BF-4367-B84F-C916E0FC5369}.Release|Any CPU.Build.0 = Release|Any CPU
		{BC347C9C-0917-4AE9-8D93-FB7B1FF9845F}.Debug|Any CPU.ActiveCfg = Debug|Any CPU
		{BC347C9C-0917-4AE9-8D93-FB7B1FF9845F}.Debug|Any CPU.Build.0 = Debug|Any CPU
		{BC347C9C-0917-4AE9-8D93-FB7B1FF9845F}.Release|Any CPU.ActiveCfg = Release|Any CPU
		{BC347C9C-0917-4AE9-8D93-FB7B1FF9845F}.Release|Any CPU.Build.0 = Release|Any CPU
		{A3FEB467-0A54-43B8-8A5E-0F2108B57A1F}.Debug|Any CPU.ActiveCfg = Debug|Any CPU
		{A3FEB467-0A54-43B8-8A5E-0F2108B57A1F}.Debug|Any CPU.Build.0 = Debug|Any CPU
		{A3FEB467-0A54-43B8-8A5E-0F2108B57A1F}.Release|Any CPU.ActiveCfg = Release|Any CPU
		{A3FEB467-0A54-43B8-8A5E-0F2108B57A1F}.Release|Any CPU.Build.0 = Release|Any CPU
		{8F21E0CB-A430-4301-A85D-04650F9B6C48}.Debug|Any CPU.ActiveCfg = Debug|Any CPU
		{8F21E0CB-A430-4301-A85D-04650F9B6C48}.Debug|Any CPU.Build.0 = Debug|Any CPU
		{8F21E0CB-A430-4301-A85D-04650F9B6C48}.Release|Any CPU.ActiveCfg = Release|Any CPU
		{8F21E0CB-A430-4301-A85D-04650F9B6C48}.Release|Any CPU.Build.0 = Release|Any CPU
		{421D11A0-2FF2-44D3-A53B-6DA6346F4994}.Debug|Any CPU.ActiveCfg = Debug|Any CPU
		{421D11A0-2FF2-44D3-A53B-6DA6346F4994}.Debug|Any CPU.Build.0 = Debug|Any CPU
		{421D11A0-2FF2-44D3-A53B-6DA6346F4994}.Release|Any CPU.ActiveCfg = Release|Any CPU
		{421D11A0-2FF2-44D3-A53B-6DA6346F4994}.Release|Any CPU.Build.0 = Release|Any CPU
		{DAC8D9D9-F390-4ABF-95E1-DC33C7093CB8}.Debug|Any CPU.ActiveCfg = Debug|Any CPU
		{DAC8D9D9-F390-4ABF-95E1-DC33C7093CB8}.Debug|Any CPU.Build.0 = Debug|Any CPU
		{DAC8D9D9-F390-4ABF-95E1-DC33C7093CB8}.Release|Any CPU.ActiveCfg = Release|Any CPU
		{DAC8D9D9-F390-4ABF-95E1-DC33C7093CB8}.Release|Any CPU.Build.0 = Release|Any CPU
		{DAA0216A-DFB3-482F-92C1-70F49D7BE739}.Debug|Any CPU.ActiveCfg = Debug|Any CPU
		{DAA0216A-DFB3-482F-92C1-70F49D7BE739}.Debug|Any CPU.Build.0 = Debug|Any CPU
		{DAA0216A-DFB3-482F-92C1-70F49D7BE739}.Release|Any CPU.ActiveCfg = Release|Any CPU
		{DAA0216A-DFB3-482F-92C1-70F49D7BE739}.Release|Any CPU.Build.0 = Release|Any CPU
		{8C0A9884-0959-4E6F-AF01-B0BC2F76587D}.Debug|Any CPU.ActiveCfg = Debug|Any CPU
		{8C0A9884-0959-4E6F-AF01-B0BC2F76587D}.Debug|Any CPU.Build.0 = Debug|Any CPU
		{8C0A9884-0959-4E6F-AF01-B0BC2F76587D}.Release|Any CPU.ActiveCfg = Release|Any CPU
		{8C0A9884-0959-4E6F-AF01-B0BC2F76587D}.Release|Any CPU.Build.0 = Release|Any CPU
		{4E2EDD70-4F88-4009-B887-AD7D38EA512E}.Debug|Any CPU.ActiveCfg = Debug|Any CPU
		{4E2EDD70-4F88-4009-B887-AD7D38EA512E}.Debug|Any CPU.Build.0 = Debug|Any CPU
		{4E2EDD70-4F88-4009-B887-AD7D38EA512E}.Release|Any CPU.ActiveCfg = Release|Any CPU
		{4E2EDD70-4F88-4009-B887-AD7D38EA512E}.Release|Any CPU.Build.0 = Release|Any CPU
		{3377939B-9E09-492D-BE41-6E93680C0EDD}.Debug|Any CPU.ActiveCfg = Debug|Any CPU
		{3377939B-9E09-492D-BE41-6E93680C0EDD}.Debug|Any CPU.Build.0 = Debug|Any CPU
		{3377939B-9E09-492D-BE41-6E93680C0EDD}.Release|Any CPU.ActiveCfg = Release|Any CPU
		{3377939B-9E09-492D-BE41-6E93680C0EDD}.Release|Any CPU.Build.0 = Release|Any CPU
		{9B80BB2F-D26D-46E0-BC29-980ED7A6E8B9}.Debug|Any CPU.ActiveCfg = Debug|Any CPU
		{9B80BB2F-D26D-46E0-BC29-980ED7A6E8B9}.Debug|Any CPU.Build.0 = Debug|Any CPU
		{9B80BB2F-D26D-46E0-BC29-980ED7A6E8B9}.Release|Any CPU.ActiveCfg = Release|Any CPU
		{9B80BB2F-D26D-46E0-BC29-980ED7A6E8B9}.Release|Any CPU.Build.0 = Release|Any CPU
		{6C67F49F-3017-440D-AD85-5534F2393A1E}.Debug|Any CPU.ActiveCfg = Debug|Any CPU
		{6C67F49F-3017-440D-AD85-5534F2393A1E}.Debug|Any CPU.Build.0 = Debug|Any CPU
		{6C67F49F-3017-440D-AD85-5534F2393A1E}.Release|Any CPU.ActiveCfg = Release|Any CPU
		{6C67F49F-3017-440D-AD85-5534F2393A1E}.Release|Any CPU.Build.0 = Release|Any CPU
		{91E6AFC7-FD97-4B2C-9B3F-C44DE7104814}.Debug|Any CPU.ActiveCfg = Debug|Any CPU
		{91E6AFC7-FD97-4B2C-9B3F-C44DE7104814}.Debug|Any CPU.Build.0 = Debug|Any CPU
		{91E6AFC7-FD97-4B2C-9B3F-C44DE7104814}.Release|Any CPU.ActiveCfg = Release|Any CPU
		{91E6AFC7-FD97-4B2C-9B3F-C44DE7104814}.Release|Any CPU.Build.0 = Release|Any CPU
		{27706A93-7067-4EB6-9E13-23AA0B694251}.Debug|Any CPU.ActiveCfg = Debug|Any CPU
		{27706A93-7067-4EB6-9E13-23AA0B694251}.Debug|Any CPU.Build.0 = Debug|Any CPU
		{27706A93-7067-4EB6-9E13-23AA0B694251}.Release|Any CPU.ActiveCfg = Release|Any CPU
		{27706A93-7067-4EB6-9E13-23AA0B694251}.Release|Any CPU.Build.0 = Release|Any CPU
		{5D0DD62B-BCA3-409F-829C-318EE70F3A51}.Debug|Any CPU.ActiveCfg = Debug|Any CPU
		{5D0DD62B-BCA3-409F-829C-318EE70F3A51}.Debug|Any CPU.Build.0 = Debug|Any CPU
		{5D0DD62B-BCA3-409F-829C-318EE70F3A51}.Release|Any CPU.ActiveCfg = Release|Any CPU
		{5D0DD62B-BCA3-409F-829C-318EE70F3A51}.Release|Any CPU.Build.0 = Release|Any CPU
		{5F16754B-3960-457D-AB8D-1182B0218667}.Debug|Any CPU.ActiveCfg = Debug|Any CPU
		{5F16754B-3960-457D-AB8D-1182B0218667}.Debug|Any CPU.Build.0 = Debug|Any CPU
		{5F16754B-3960-457D-AB8D-1182B0218667}.Release|Any CPU.ActiveCfg = Release|Any CPU
		{5F16754B-3960-457D-AB8D-1182B0218667}.Release|Any CPU.Build.0 = Release|Any CPU
		{519F0842-B87D-42AF-A2EF-79F0123C6653}.Debug|Any CPU.ActiveCfg = Debug|Any CPU
		{519F0842-B87D-42AF-A2EF-79F0123C6653}.Debug|Any CPU.Build.0 = Debug|Any CPU
		{519F0842-B87D-42AF-A2EF-79F0123C6653}.Release|Any CPU.ActiveCfg = Release|Any CPU
		{519F0842-B87D-42AF-A2EF-79F0123C6653}.Release|Any CPU.Build.0 = Release|Any CPU
		{7BA27B9B-7494-4119-99E3-4AD52AC5593F}.Debug|Any CPU.ActiveCfg = Debug|Any CPU
		{7BA27B9B-7494-4119-99E3-4AD52AC5593F}.Debug|Any CPU.Build.0 = Debug|Any CPU
		{7BA27B9B-7494-4119-99E3-4AD52AC5593F}.Release|Any CPU.ActiveCfg = Release|Any CPU
		{7BA27B9B-7494-4119-99E3-4AD52AC5593F}.Release|Any CPU.Build.0 = Release|Any CPU
	EndGlobalSection
	GlobalSection(SolutionProperties) = preSolution
		HideSolutionNode = FALSE
	EndGlobalSection
	GlobalSection(ExtensibilityGlobals) = postSolution
		SolutionGuid = {B801966A-6315-4F60-9CFA-85D15BB61BB8}
	EndGlobalSection
EndGlobal
